// !$*UTF8*$!
{
	archiveVersion = 1;
	classes = {
	};
	objectVersion = 46;
	objects = {

/* Begin PBXBuildFile section */
		763082A91DCCD1DB00570FE4 /* AppDelegate.swift in Sources */ = {isa = PBXBuildFile; fileRef = 763082A81DCCD1DB00570FE4 /* AppDelegate.swift */; };
		763082AB1DCCD1DB00570FE4 /* ViewController.swift in Sources */ = {isa = PBXBuildFile; fileRef = 763082AA1DCCD1DB00570FE4 /* ViewController.swift */; };
		763082AE1DCCD1DB00570FE4 /* Main.storyboard in Resources */ = {isa = PBXBuildFile; fileRef = 763082AC1DCCD1DB00570FE4 /* Main.storyboard */; };
		763082B01DCCD1DB00570FE4 /* Assets.xcassets in Resources */ = {isa = PBXBuildFile; fileRef = 763082AF1DCCD1DB00570FE4 /* Assets.xcassets */; };
		763082B31DCCD1DB00570FE4 /* LaunchScreen.storyboard in Resources */ = {isa = PBXBuildFile; fileRef = 763082B11DCCD1DB00570FE4 /* LaunchScreen.storyboard */; };
		763082BE1DCCD1DB00570FE4 /* PracticeTests.swift in Sources */ = {isa = PBXBuildFile; fileRef = 763082BD1DCCD1DB00570FE4 /* PracticeTests.swift */; };
		763082C91DCCD1DB00570FE4 /* PracticeUITests.swift in Sources */ = {isa = PBXBuildFile; fileRef = 763082C81DCCD1DB00570FE4 /* PracticeUITests.swift */; };
/* End PBXBuildFile section */

/* Begin PBXContainerItemProxy section */
		763082BA1DCCD1DB00570FE4 /* PBXContainerItemProxy */ = {
			isa = PBXContainerItemProxy;
			containerPortal = 7630829D1DCCD1DB00570FE4 /* Project object */;
			proxyType = 1;
			remoteGlobalIDString = 763082A41DCCD1DB00570FE4;
			remoteInfo = Test;
		};
		763082C51DCCD1DB00570FE4 /* PBXContainerItemProxy */ = {
			isa = PBXContainerItemProxy;
			containerPortal = 7630829D1DCCD1DB00570FE4 /* Project object */;
			proxyType = 1;
			remoteGlobalIDString = 763082A41DCCD1DB00570FE4;
			remoteInfo = Test;
		};
/* End PBXContainerItemProxy section */

/* Begin PBXFileReference section */
		763082A51DCCD1DB00570FE4 /* Practice.app */ = {isa = PBXFileReference; explicitFileType = wrapper.application; includeInIndex = 0; path = Practice.app; sourceTree = BUILT_PRODUCTS_DIR; };
		763082A81DCCD1DB00570FE4 /* AppDelegate.swift */ = {isa = PBXFileReference; lastKnownFileType = sourcecode.swift; path = AppDelegate.swift; sourceTree = "<group>"; };
		763082AA1DCCD1DB00570FE4 /* ViewController.swift */ = {isa = PBXFileReference; lastKnownFileType = sourcecode.swift; path = ViewController.swift; sourceTree = "<group>"; };
		763082AD1DCCD1DB00570FE4 /* Base */ = {isa = PBXFileReference; lastKnownFileType = file.storyboard; name = Base; path = Base.lproj/Main.storyboard; sourceTree = "<group>"; };
		763082AF1DCCD1DB00570FE4 /* Assets.xcassets */ = {isa = PBXFileReference; lastKnownFileType = folder.assetcatalog; path = Assets.xcassets; sourceTree = "<group>"; };
		763082B21DCCD1DB00570FE4 /* Base */ = {isa = PBXFileReference; lastKnownFileType = file.storyboard; name = Base; path = Base.lproj/LaunchScreen.storyboard; sourceTree = "<group>"; };
		763082B41DCCD1DB00570FE4 /* Info.plist */ = {isa = PBXFileReference; lastKnownFileType = text.plist.xml; path = Info.plist; sourceTree = "<group>"; };
		763082B91DCCD1DB00570FE4 /* PracticePractices.xctest */ = {isa = PBXFileReference; explicitFileType = wrapper.cfbundle; includeInIndex = 0; path = PracticePractices.xctest; sourceTree = BUILT_PRODUCTS_DIR; };
		763082BD1DCCD1DB00570FE4 /* PracticeTests.swift */ = {isa = PBXFileReference; lastKnownFileType = sourcecode.swift; path = PracticeTests.swift; sourceTree = "<group>"; };
		763082BF1DCCD1DB00570FE4 /* Info.plist */ = {isa = PBXFileReference; lastKnownFileType = text.plist.xml; path = Info.plist; sourceTree = "<group>"; };
		763082C41DCCD1DB00570FE4 /* PracticeUIPractices.xctest */ = {isa = PBXFileReference; explicitFileType = wrapper.cfbundle; includeInIndex = 0; path = PracticeUIPractices.xctest; sourceTree = BUILT_PRODUCTS_DIR; };
		763082C81DCCD1DB00570FE4 /* PracticeUITests.swift */ = {isa = PBXFileReference; lastKnownFileType = sourcecode.swift; path = PracticeUITests.swift; sourceTree = "<group>"; };
		763082CA1DCCD1DB00570FE4 /* Info.plist */ = {isa = PBXFileReference; lastKnownFileType = text.plist.xml; path = Info.plist; sourceTree = "<group>"; };
/* End PBXFileReference section */

/* Begin PBXFrameworksBuildPhase section */
		763082A21DCCD1DB00570FE4 /* Frameworks */ = {
			isa = PBXFrameworksBuildPhase;
			buildActionMask = 2147483647;
			files = (
			);
			runOnlyForDeploymentPostprocessing = 0;
		};
		763082B61DCCD1DB00570FE4 /* Frameworks */ = {
			isa = PBXFrameworksBuildPhase;
			buildActionMask = 2147483647;
			files = (
			);
			runOnlyForDeploymentPostprocessing = 0;
		};
		763082C11DCCD1DB00570FE4 /* Frameworks */ = {
			isa = PBXFrameworksBuildPhase;
			buildActionMask = 2147483647;
			files = (
			);
			runOnlyForDeploymentPostprocessing = 0;
		};
/* End PBXFrameworksBuildPhase section */

/* Begin PBXGroup section */
		7630829C1DCCD1DB00570FE4 = {
			isa = PBXGroup;
			children = (
				763082A71DCCD1DB00570FE4 /* Practice */,
				763082BC1DCCD1DB00570FE4 /* PracticeTests */,
				763082C71DCCD1DB00570FE4 /* PracticeUITests */,
				763082A61DCCD1DB00570FE4 /* Products */,
			);
			sourceTree = "<group>";
			usesTabs = 0;
		};
		763082A61DCCD1DB00570FE4 /* Products */ = {
			isa = PBXGroup;
			children = (
				763082A51DCCD1DB00570FE4 /* Practice.app */,
				763082B91DCCD1DB00570FE4 /* PracticePractices.xctest */,
				763082C41DCCD1DB00570FE4 /* PracticeUIPractices.xctest */,
			);
			name = Products;
			sourceTree = "<group>";
		};
		763082A71DCCD1DB00570FE4 /* Practice */ = {
			isa = PBXGroup;
			children = (
				763082A81DCCD1DB00570FE4 /* AppDelegate.swift */,
				763082AA1DCCD1DB00570FE4 /* ViewController.swift */,
				763082AC1DCCD1DB00570FE4 /* Main.storyboard */,
				763082AF1DCCD1DB00570FE4 /* Assets.xcassets */,
				763082B11DCCD1DB00570FE4 /* LaunchScreen.storyboard */,
				763082B41DCCD1DB00570FE4 /* Info.plist */,
			);
			name = Practice;
			path = Test;
			sourceTree = "<group>";
		};
		763082BC1DCCD1DB00570FE4 /* PracticeTests */ = {
			isa = PBXGroup;
			children = (
				763082BD1DCCD1DB00570FE4 /* PracticeTests.swift */,
				763082BF1DCCD1DB00570FE4 /* Info.plist */,
			);
			name = PracticeTests;
			path = TestTests;
			sourceTree = "<group>";
		};
		763082C71DCCD1DB00570FE4 /* PracticeUITests */ = {
			isa = PBXGroup;
			children = (
				763082C81DCCD1DB00570FE4 /* PracticeUITests.swift */,
				763082CA1DCCD1DB00570FE4 /* Info.plist */,
			);
			name = PracticeUITests;
			path = TestUITests;
			sourceTree = "<group>";
		};
/* End PBXGroup section */

/* Begin PBXNativeTarget section */
		763082A41DCCD1DB00570FE4 /* Practice */ = {
			isa = PBXNativeTarget;
			buildConfigurationList = 763082CD1DCCD1DB00570FE4 /* Build configuration list for PBXNativeTarget "Practice" */;
			buildPhases = (
				763082A11DCCD1DB00570FE4 /* Sources */,
				763082A21DCCD1DB00570FE4 /* Frameworks */,
				763082A31DCCD1DB00570FE4 /* Resources */,
			);
			buildRules = (
			);
			dependencies = (
			);
			name = Practice;
			productName = Test;
			productReference = 763082A51DCCD1DB00570FE4 /* Practice.app */;
			productType = "com.apple.product-type.application";
		};
		763082B81DCCD1DB00570FE4 /* PracticePractices */ = {
			isa = PBXNativeTarget;
			buildConfigurationList = 763082D01DCCD1DB00570FE4 /* Build configuration list for PBXNativeTarget "PracticePractices" */;
			buildPhases = (
				763082B51DCCD1DB00570FE4 /* Sources */,
				763082B61DCCD1DB00570FE4 /* Frameworks */,
				763082B71DCCD1DB00570FE4 /* Resources */,
			);
			buildRules = (
			);
			dependencies = (
				763082BB1DCCD1DB00570FE4 /* PBXTargetDependency */,
			);
			name = PracticePractices;
			productName = TestTests;
			productReference = 763082B91DCCD1DB00570FE4 /* PracticePractices.xctest */;
			productType = "com.apple.product-type.bundle.unit-test";
		};
		763082C31DCCD1DB00570FE4 /* PracticeUIPractices */ = {
			isa = PBXNativeTarget;
			buildConfigurationList = 763082D31DCCD1DB00570FE4 /* Build configuration list for PBXNativeTarget "PracticeUIPractices" */;
			buildPhases = (
				763082C01DCCD1DB00570FE4 /* Sources */,
				763082C11DCCD1DB00570FE4 /* Frameworks */,
				763082C21DCCD1DB00570FE4 /* Resources */,
			);
			buildRules = (
			);
			dependencies = (
				763082C61DCCD1DB00570FE4 /* PBXTargetDependency */,
			);
			name = PracticeUIPractices;
			productName = TestUITests;
			productReference = 763082C41DCCD1DB00570FE4 /* PracticeUIPractices.xctest */;
			productType = "com.apple.product-type.bundle.ui-testing";
		};
/* End PBXNativeTarget section */

/* Begin PBXProject section */
		7630829D1DCCD1DB00570FE4 /* Project object */ = {
			isa = PBXProject;
			attributes = {
				LastSwiftUpdateCheck = 0810;
				LastUpgradeCheck = 0810;
				ORGANIZATIONNAME = "佐々木和明";
				TargetAttributes = {
					763082A41DCCD1DB00570FE4 = {
						CreatedOnToolsVersion = 8.1;
						ProvisioningStyle = Automatic;
					};
					763082B81DCCD1DB00570FE4 = {
						CreatedOnToolsVersion = 8.1;
						ProvisioningStyle = Automatic;
						TestTargetID = 763082A41DCCD1DB00570FE4;
					};
					763082C31DCCD1DB00570FE4 = {
						CreatedOnToolsVersion = 8.1;
						ProvisioningStyle = Automatic;
						TestTargetID = 763082A41DCCD1DB00570FE4;
					};
				};
			};
			buildConfigurationList = 763082A01DCCD1DB00570FE4 /* Build configuration list for PBXProject "Practice" */;
			compatibilityVersion = "Xcode 3.2";
			developmentRegion = English;
			hasScannedForEncodings = 0;
			knownRegions = (
				en,
				Base,
			);
			mainGroup = 7630829C1DCCD1DB00570FE4;
			productRefGroup = 763082A61DCCD1DB00570FE4 /* Products */;
			projectDirPath = "";
			projectRoot = "";
			targets = (
				763082A41DCCD1DB00570FE4 /* Practice */,
				763082B81DCCD1DB00570FE4 /* PracticePractices */,
				763082C31DCCD1DB00570FE4 /* PracticeUIPractices */,
			);
		};
/* End PBXProject section */

/* Begin PBXResourcesBuildPhase section */
		763082A31DCCD1DB00570FE4 /* Resources */ = {
			isa = PBXResourcesBuildPhase;
			buildActionMask = 2147483647;
			files = (
				763082B31DCCD1DB00570FE4 /* LaunchScreen.storyboard in Resources */,
				763082B01DCCD1DB00570FE4 /* Assets.xcassets in Resources */,
				763082AE1DCCD1DB00570FE4 /* Main.storyboard in Resources */,
			);
			runOnlyForDeploymentPostprocessing = 0;
		};
		763082B71DCCD1DB00570FE4 /* Resources */ = {
			isa = PBXResourcesBuildPhase;
			buildActionMask = 2147483647;
			files = (
			);
			runOnlyForDeploymentPostprocessing = 0;
		};
		763082C21DCCD1DB00570FE4 /* Resources */ = {
			isa = PBXResourcesBuildPhase;
			buildActionMask = 2147483647;
			files = (
			);
			runOnlyForDeploymentPostprocessing = 0;
		};
/* End PBXResourcesBuildPhase section */

/* Begin PBXSourcesBuildPhase section */
		763082A11DCCD1DB00570FE4 /* Sources */ = {
			isa = PBXSourcesBuildPhase;
			buildActionMask = 2147483647;
			files = (
				763082AB1DCCD1DB00570FE4 /* ViewController.swift in Sources */,
				763082A91DCCD1DB00570FE4 /* AppDelegate.swift in Sources */,
			);
			runOnlyForDeploymentPostprocessing = 0;
		};
		763082B51DCCD1DB00570FE4 /* Sources */ = {
			isa = PBXSourcesBuildPhase;
			buildActionMask = 2147483647;
			files = (
				763082BE1DCCD1DB00570FE4 /* PracticeTests.swift in Sources */,
			);
			runOnlyForDeploymentPostprocessing = 0;
		};
		763082C01DCCD1DB00570FE4 /* Sources */ = {
			isa = PBXSourcesBuildPhase;
			buildActionMask = 2147483647;
			files = (
				763082C91DCCD1DB00570FE4 /* PracticeUITests.swift in Sources */,
			);
			runOnlyForDeploymentPostprocessing = 0;
		};
/* End PBXSourcesBuildPhase section */

/* Begin PBXTargetDependency section */
		763082BB1DCCD1DB00570FE4 /* PBXTargetDependency */ = {
			isa = PBXTargetDependency;
			target = 763082A41DCCD1DB00570FE4 /* Practice */;
			targetProxy = 763082BA1DCCD1DB00570FE4 /* PBXContainerItemProxy */;
		};
		763082C61DCCD1DB00570FE4 /* PBXTargetDependency */ = {
			isa = PBXTargetDependency;
			target = 763082A41DCCD1DB00570FE4 /* Practice */;
			targetProxy = 763082C51DCCD1DB00570FE4 /* PBXContainerItemProxy */;
		};
/* End PBXTargetDependency section */

/* Begin PBXVariantGroup section */
		763082AC1DCCD1DB00570FE4 /* Main.storyboard */ = {
			isa = PBXVariantGroup;
			children = (
				763082AD1DCCD1DB00570FE4 /* Base */,
			);
			name = Main.storyboard;
			sourceTree = "<group>";
		};
		763082B11DCCD1DB00570FE4 /* LaunchScreen.storyboard */ = {
			isa = PBXVariantGroup;
			children = (
				763082B21DCCD1DB00570FE4 /* Base */,
			);
			name = LaunchScreen.storyboard;
			sourceTree = "<group>";
		};
/* End PBXVariantGroup section */

/* Begin XCBuildConfiguration section */
		763082CB1DCCD1DB00570FE4 /* Debug */ = {
			isa = XCBuildConfiguration;
			buildSettings = {
				ALWAYS_SEARCH_USER_PATHS = NO;
				CLANG_ANALYZER_NONNULL = YES;
				CLANG_CXX_LANGUAGE_STANDARD = "gnu++0x";
				CLANG_CXX_LIBRARY = "libc++";
				CLANG_ENABLE_MODULES = YES;
				CLANG_ENABLE_OBJC_ARC = YES;
				CLANG_WARN_BOOL_CONVERSION = YES;
				CLANG_WARN_CONSTANT_CONVERSION = YES;
				CLANG_WARN_DIRECT_OBJC_ISA_USAGE = YES_ERROR;
				CLANG_WARN_DOCUMENTATION_COMMENTS = YES;
				CLANG_WARN_EMPTY_BODY = YES;
				CLANG_WARN_ENUM_CONVERSION = YES;
				CLANG_WARN_INFINITE_RECURSION = YES;
				CLANG_WARN_INT_CONVERSION = YES;
				CLANG_WARN_OBJC_ROOT_CLASS = YES_ERROR;
				CLANG_WARN_SUSPICIOUS_MOVES = YES;
				CLANG_WARN_UNREACHABLE_CODE = YES;
				CLANG_WARN__DUPLICATE_METHOD_MATCH = YES;
				"CODE_SIGN_IDENTITY[sdk=iphoneos*]" = "iPhone Developer";
				COPY_PHASE_STRIP = NO;
				DEBUG_INFORMATION_FORMAT = dwarf;
				ENABLE_STRICT_OBJC_MSGSEND = YES;
				ENABLE_TESTABILITY = YES;
				GCC_C_LANGUAGE_STANDARD = gnu99;
				GCC_DYNAMIC_NO_PIC = NO;
				GCC_NO_COMMON_BLOCKS = YES;
				GCC_OPTIMIZATION_LEVEL = 0;
				GCC_PREPROCESSOR_DEFINITIONS = (
					"DEBUG=1",
					"$(inherited)",
				);
				GCC_WARN_64_TO_32_BIT_CONVERSION = YES;
				GCC_WARN_ABOUT_RETURN_TYPE = YES_ERROR;
				GCC_WARN_UNDECLARED_SELECTOR = YES;
				GCC_WARN_UNINITIALIZED_AUTOS = YES_AGGRESSIVE;
				GCC_WARN_UNUSED_FUNCTION = YES;
				GCC_WARN_UNUSED_VARIABLE = YES;
				IPHONEOS_DEPLOYMENT_TARGET = 10.1;
				MTL_ENABLE_DEBUG_INFO = YES;
				ONLY_ACTIVE_ARCH = YES;
				SDKROOT = iphoneos;
				SWIFT_ACTIVE_COMPILATION_CONDITIONS = DEBUG;
				SWIFT_OPTIMIZATION_LEVEL = "-Onone";
				TARGETED_DEVICE_FAMILY = "1,2";
			};
			name = Debug;
		};
		763082CC1DCCD1DB00570FE4 /* Release */ = {
			isa = XCBuildConfiguration;
			buildSettings = {
				ALWAYS_SEARCH_USER_PATHS = NO;
				CLANG_ANALYZER_NONNULL = YES;
				CLANG_CXX_LANGUAGE_STANDARD = "gnu++0x";
				CLANG_CXX_LIBRARY = "libc++";
				CLANG_ENABLE_MODULES = YES;
				CLANG_ENABLE_OBJC_ARC = YES;
				CLANG_WARN_BOOL_CONVERSION = YES;
				CLANG_WARN_CONSTANT_CONVERSION = YES;
				CLANG_WARN_DIRECT_OBJC_ISA_USAGE = YES_ERROR;
				CLANG_WARN_DOCUMENTATION_COMMENTS = YES;
				CLANG_WARN_EMPTY_BODY = YES;
				CLANG_WARN_ENUM_CONVERSION = YES;
				CLANG_WARN_INFINITE_RECURSION = YES;
				CLANG_WARN_INT_CONVERSION = YES;
				CLANG_WARN_OBJC_ROOT_CLASS = YES_ERROR;
				CLANG_WARN_SUSPICIOUS_MOVES = YES;
				CLANG_WARN_UNREACHABLE_CODE = YES;
				CLANG_WARN__DUPLICATE_METHOD_MATCH = YES;
				"CODE_SIGN_IDENTITY[sdk=iphoneos*]" = "iPhone Developer";
				COPY_PHASE_STRIP = NO;
				DEBUG_INFORMATION_FORMAT = "dwarf-with-dsym";
				ENABLE_NS_ASSERTIONS = NO;
				ENABLE_STRICT_OBJC_MSGSEND = YES;
				GCC_C_LANGUAGE_STANDARD = gnu99;
				GCC_NO_COMMON_BLOCKS = YES;
				GCC_WARN_64_TO_32_BIT_CONVERSION = YES;
				GCC_WARN_ABOUT_RETURN_TYPE = YES_ERROR;
				GCC_WARN_UNDECLARED_SELECTOR = YES;
				GCC_WARN_UNINITIALIZED_AUTOS = YES_AGGRESSIVE;
				GCC_WARN_UNUSED_FUNCTION = YES;
				GCC_WARN_UNUSED_VARIABLE = YES;
				IPHONEOS_DEPLOYMENT_TARGET = 10.1;
				MTL_ENABLE_DEBUG_INFO = NO;
				SDKROOT = iphoneos;
				SWIFT_OPTIMIZATION_LEVEL = "-Owholemodule";
				TARGETED_DEVICE_FAMILY = "1,2";
				VALIDATE_PRODUCT = YES;
			};
			name = Release;
		};
		763082CE1DCCD1DB00570FE4 /* Debug */ = {
			isa = XCBuildConfiguration;
			buildSettings = {
				ASSETCATALOG_COMPILER_APPICON_NAME = AppIcon;
				INFOPLIST_FILE = Test/Info.plist;
				IPHONEOS_DEPLOYMENT_TARGET = 10.1;
				LD_RUNPATH_SEARCH_PATHS = "$(inherited) @executable_path/Frameworks";
				PRODUCT_BUNDLE_IDENTIFIER = S1a2s2a2.Test;
				PRODUCT_NAME = "$(TARGET_NAME)";
				SWIFT_VERSION = 3.0;
			};
			name = Debug;
		};
		763082CF1DCCD1DB00570FE4 /* Release */ = {
			isa = XCBuildConfiguration;
			buildSettings = {
				ASSETCATALOG_COMPILER_APPICON_NAME = AppIcon;
				INFOPLIST_FILE = Test/Info.plist;
				IPHONEOS_DEPLOYMENT_TARGET = 10.1;
				LD_RUNPATH_SEARCH_PATHS = "$(inherited) @executable_path/Frameworks";
				PRODUCT_BUNDLE_IDENTIFIER = S1a2s2a2.Test;
				PRODUCT_NAME = "$(TARGET_NAME)";
				SWIFT_VERSION = 3.0;
			};
			name = Release;
		};
		763082D11DCCD1DB00570FE4 /* Debug */ = {
			isa = XCBuildConfiguration;
			buildSettings = {
				ALWAYS_EMBED_SWIFT_STANDARD_LIBRARIES = YES;
				BUNDLE_LOADER = "$(TEST_HOST)";
				INFOPLIST_FILE = TestTests/Info.plist;
				LD_RUNPATH_SEARCH_PATHS = "$(inherited) @executable_path/Frameworks @loader_path/Frameworks";
				PRODUCT_BUNDLE_IDENTIFIER = S1a2s2a2.TestTests;
				PRODUCT_NAME = "$(TARGET_NAME)";
				SWIFT_VERSION = 3.0;
				TEST_HOST = "$(BUILT_PRODUCTS_DIR)/Practice.app/Practice";
			};
			name = Debug;
		};
		763082D21DCCD1DB00570FE4 /* Release */ = {
			isa = XCBuildConfiguration;
			buildSettings = {
				ALWAYS_EMBED_SWIFT_STANDARD_LIBRARIES = YES;
				BUNDLE_LOADER = "$(TEST_HOST)";
				INFOPLIST_FILE = TestTests/Info.plist;
				LD_RUNPATH_SEARCH_PATHS = "$(inherited) @executable_path/Frameworks @loader_path/Frameworks";
				PRODUCT_BUNDLE_IDENTIFIER = S1a2s2a2.TestTests;
				PRODUCT_NAME = "$(TARGET_NAME)";
				SWIFT_VERSION = 3.0;
				TEST_HOST = "$(BUILT_PRODUCTS_DIR)/Practice.app/Practice";
			};
			name = Release;
		};
		763082D41DCCD1DB00570FE4 /* Debug */ = {
			isa = XCBuildConfiguration;
			buildSettings = {
				ALWAYS_EMBED_SWIFT_STANDARD_LIBRARIES = YES;
				INFOPLIST_FILE = TestUITests/Info.plist;
				LD_RUNPATH_SEARCH_PATHS = "$(inherited) @executable_path/Frameworks @loader_path/Frameworks";
				PRODUCT_BUNDLE_IDENTIFIER = S1a2s2a2.TestUITests;
				PRODUCT_NAME = "$(TARGET_NAME)";
				SWIFT_VERSION = 3.0;
				TEST_TARGET_NAME = Test;
			};
			name = Debug;
		};
		763082D51DCCD1DB00570FE4 /* Release */ = {
			isa = XCBuildConfiguration;
			buildSettings = {
				ALWAYS_EMBED_SWIFT_STANDARD_LIBRARIES = YES;
				INFOPLIST_FILE = TestUITests/Info.plist;
				LD_RUNPATH_SEARCH_PATHS = "$(inherited) @executable_path/Frameworks @loader_path/Frameworks";
				PRODUCT_BUNDLE_IDENTIFIER = S1a2s2a2.TestUITests;
				PRODUCT_NAME = "$(TARGET_NAME)";
				SWIFT_VERSION = 3.0;
				TEST_TARGET_NAME = Test;
			};
			name = Release;
		};
/* End XCBuildConfiguration section */

/* Begin XCConfigurationList section */
		763082A01DCCD1DB00570FE4 /* Build configuration list for PBXProject "Practice" */ = {
			isa = XCConfigurationList;
			buildConfigurations = (
				763082CB1DCCD1DB00570FE4 /* Debug */,
				763082CC1DCCD1DB00570FE4 /* Release */,
			);
			defaultConfigurationIsVisible = 0;
			defaultConfigurationName = Release;
		};
		763082CD1DCCD1DB00570FE4 /* Build configuration list for PBXNativeTarget "Practice" */ = {
			isa = XCConfigurationList;
			buildConfigurations = (
				763082CE1DCCD1DB00570FE4 /* Debug */,
				763082CF1DCCD1DB00570FE4 /* Release */,
			);
			defaultConfigurationIsVisible = 0;
			defaultConfigurationName = Release;
		};
		763082D01DCCD1DB00570FE4 /* Build configuration list for PBXNativeTarget "PracticePractices" */ = {
			isa = XCConfigurationList;
			buildConfigurations = (
				763082D11DCCD1DB00570FE4 /* Debug */,
				763082D21DCCD1DB00570FE4 /* Release */,
			);
			defaultConfigurationIsVisible = 0;
			defaultConfigurationName = Release;
		};
		763082D31DCCD1DB00570FE4 /* Build configuration list for PBXNativeTarget "PracticeUIPractices" */ = {
			isa = XCConfigurationList;
			buildConfigurations = (
				763082D41DCCD1DB00570FE4 /* Debug */,
				763082D51DCCD1DB00570FE4 /* Release */,
			);
			defaultConfigurationIsVisible = 0;
			defaultConfigurationName = Release;
		};
/* End XCConfigurationList section */
	};
	rootObject = 7630829D1DCCD1DB00570FE4 /* Project object */;
}
